
Microsoft Visual Studio Solution File, Format Version 12.00
# Visual Studio 15
VisualStudioVersion = 15.0.26430.13
MinimumVisualStudioVersion = 10.0.40219.1
Project("{FAE04EC0-301F-11D3-BF4B-00C04F79EFBC}") = "Logger", "Logger\Logger.csproj", "{C2F93639-9EC7-4C92-9042-D21D99E80AAF}"
EndProject
Project("{FAE04EC0-301F-11D3-BF4B-00C04F79EFBC}") = "Logger.Test", "Logger.Test\Logger.Test.csproj", "{D3B2B49F-AF7D-4790-AEA7-5C7AF3CB1639}"
EndProject
Project("{FAE04EC0-301F-11D3-BF4B-00C04F79EFBC}") = "Logger.DAL", "Logger.DAL\Logger.DAL.csproj", "{0E51F5C9-62E0-4D59-A0DC-DF7E38D882BB}"
EndProject
Project("{FAE04EC0-301F-11D3-BF4B-00C04F79EFBC}") = "Logger.Common", "Logger.Common\Logger.Common.csproj", "{1BAB6CCD-4963-4F8E-A46E-4180269ACA18}"
EndProject
Project("{FAE04EC0-301F-11D3-BF4B-00C04F79EFBC}") = "LogInAction", "LogInAction\LogInAction.csproj", "{B8F8EEAA-1944-4593-A0AA-4597DE6095B7}"
EndProject
Global
	GlobalSection(SolutionConfigurationPlatforms) = preSolution
		Debug|Any CPU = Debug|Any CPU
		Release|Any CPU = Release|Any CPU
	EndGlobalSection
	GlobalSection(ProjectConfigurationPlatforms) = postSolution
		{C2F93639-9EC7-4C92-9042-D21D99E80AAF}.Debug|Any CPU.ActiveCfg = Debug|Any CPU
		{C2F93639-9EC7-4C92-9042-D21D99E80AAF}.Debug|Any CPU.Build.0 = Debug|Any CPU
		{C2F93639-9EC7-4C92-9042-D21D99E80AAF}.Release|Any CPU.ActiveCfg = Release|Any CPU
		{C2F93639-9EC7-4C92-9042-D21D99E80AAF}.Release|Any CPU.Build.0 = Release|Any CPU
		{D3B2B49F-AF7D-4790-AEA7-5C7AF3CB1639}.Debug|Any CPU.ActiveCfg = Debug|Any CPU
		{D3B2B49F-AF7D-4790-AEA7-5C7AF3CB1639}.Debug|Any CPU.Build.0 = Debug|Any CPU
		{D3B2B49F-AF7D-4790-AEA7-5C7AF3CB1639}.Release|Any CPU.ActiveCfg = Release|Any CPU
		{D3B2B49F-AF7D-4790-AEA7-5C7AF3CB1639}.Release|Any CPU.Build.0 = Release|Any CPU
		{0E51F5C9-62E0-4D59-A0DC-DF7E38D882BB}.Debug|Any CPU.ActiveCfg = Debug|Any CPU
		{0E51F5C9-62E0-4D59-A0DC-DF7E38D882BB}.Debug|Any CPU.Build.0 = Debug|Any CPU
		{0E51F5C9-62E0-4D59-A0DC-DF7E38D882BB}.Release|Any CPU.ActiveCfg = Release|Any CPU
		{0E51F5C9-62E0-4D59-A0DC-DF7E38D882BB}.Release|Any CPU.Build.0 = Release|Any CPU
		{1BAB6CCD-4963-4F8E-A46E-4180269ACA18}.Debug|Any CPU.ActiveCfg = Debug|Any CPU
		{1BAB6CCD-4963-4F8E-A46E-4180269ACA18}.Debug|Any CPU.Build.0 = Debug|Any CPU
		{1BAB6CCD-4963-4F8E-A46E-4180269ACA18}.Release|Any CPU.ActiveCfg = Release|Any CPU
		{1BAB6CCD-4963-4F8E-A46E-4180269ACA18}.Release|Any CPU.Build.0 = Release|Any CPU
		{B8F8EEAA-1944-4593-A0AA-4597DE6095B7}.Debug|Any CPU.ActiveCfg = Debug|Any CPU
		{B8F8EEAA-1944-4593-A0AA-4597DE6095B7}.Debug|Any CPU.Build.0 = Debug|Any CPU
		{B8F8EEAA-1944-4593-A0AA-4597DE6095B7}.Release|Any CPU.ActiveCfg = Release|Any CPU
		{B8F8EEAA-1944-4593-A0AA-4597DE6095B7}.Release|Any CPU.Build.0 = Release|Any CPU
	EndGlobalSection
	GlobalSection(SolutionProperties) = preSolution
		HideSolutionNode = FALSE
	EndGlobalSection
	GlobalSection(ExtensibilityGlobals) = postSolution
		EnterpriseLibraryConfigurationToolBinariesPathV6 = packages\EnterpriseLibrary.Common.6.0.1304.0\lib\NET45;packages\EnterpriseLibrary.Data.6.0.1304.0\lib\NET45
	EndGlobalSection
EndGlobal
